
Microsoft Visual Studio Solution File, Format Version 12.00
# Visual Studio 15
VisualStudioVersion = 15.0.27004.2006
MinimumVisualStudioVersion = 10.0.40219.1
Project("{FAE04EC0-301F-11D3-BF4B-00C04F79EFBC}") = "cardGames", "ServerApplication\cardGames.csproj", "{A99BCCF1-7F8C-46CC-92B8-EA7EF7A6E90B}"
EndProject
Project("{FAE04EC0-301F-11D3-BF4B-00C04F79EFBC}") = "Players", "ClientApplication\Players.csproj", "{5440F4AE-510F-4C6F-A64D-F64B4E708D40}"
EndProject
Project("{FAE04EC0-301F-11D3-BF4B-00C04F79EFBC}") = "Cards", "Cards\Cards.csproj", "{E4271312-A473-4AD1-AEA0-CD668DCBB0CF}"
EndProject
Global
	GlobalSection(SolutionConfigurationPlatforms) = preSolution
		Debug|Any CPU = Debug|Any CPU
		Release|Any CPU = Release|Any CPU
	EndGlobalSection
	GlobalSection(ProjectConfigurationPlatforms) = postSolution
		{A99BCCF1-7F8C-46CC-92B8-EA7EF7A6E90B}.Debug|Any CPU.ActiveCfg = Debug|Any CPU
		{A99BCCF1-7F8C-46CC-92B8-EA7EF7A6E90B}.Debug|Any CPU.Build.0 = Debug|Any CPU
		{A99BCCF1-7F8C-46CC-92B8-EA7EF7A6E90B}.Release|Any CPU.ActiveCfg = Release|Any CPU
		{A99BCCF1-7F8C-46CC-92B8-EA7EF7A6E90B}.Release|Any CPU.Build.0 = Release|Any CPU
		{5440F4AE-510F-4C6F-A64D-F64B4E708D40}.Debug|Any CPU.ActiveCfg = Debug|Any CPU
		{5440F4AE-510F-4C6F-A64D-F64B4E708D40}.Debug|Any CPU.Build.0 = Debug|Any CPU
		{5440F4AE-510F-4C6F-A64D-F64B4E708D40}.Release|Any CPU.ActiveCfg = Release|Any CPU
		{5440F4AE-510F-4C6F-A64D-F64B4E708D40}.Release|Any CPU.Build.0 = Release|Any CPU
		{E4271312-A473-4AD1-AEA0-CD668DCBB0CF}.Debug|Any CPU.ActiveCfg = Debug|Any CPU
		{E4271312-A473-4AD1-AEA0-CD668DCBB0CF}.Debug|Any CPU.Build.0 = Debug|Any CPU
		{E4271312-A473-4AD1-AEA0-CD668DCBB0CF}.Release|Any CPU.ActiveCfg = Release|Any CPU
		{E4271312-A473-4AD1-AEA0-CD668DCBB0CF}.Release|Any CPU.Build.0 = Release|Any CPU
	EndGlobalSection
	GlobalSection(SolutionProperties) = preSolution
		HideSolutionNode = FALSE
	EndGlobalSection
	GlobalSection(ExtensibilityGlobals) = postSolution
		SolutionGuid = {FE88AF16-CB97-4758-9CEC-4CCDF21B8D8B}
	EndGlobalSection
EndGlobal
